{
  "version": 4,
  "terraform_version": "1.3.4",
  "serial": 23,
  "lineage": "5720b1b0-b5e0-90f3-79bd-1864c09ee474",
  "outputs": {},
  "resources": [
    {
      "module": "module.docker",
      "mode": "managed",
      "type": "yandex_compute_instance",
      "name": "docker-host",
      "provider": "provider[\"registry.terraform.io/yandex-cloud/yandex\"]",
      "instances": [
        {
          "index_key": 0,
          "schema_version": 1,
          "attributes": {
            "allow_recreate": null,
            "allow_stopping_for_update": null,
            "boot_disk": [
              {
                "auto_delete": true,
                "device_name": "fhmh3q84jmrq9t5qoqd4",
                "disk_id": "fhmh3q84jmrq9t5qoqd4",
                "initialize_params": [
                  {
                    "block_size": 4096,
                    "description": "",
                    "image_id": "fd893fnvnjojhrp6d9ge",
                    "name": "",
                    "size": 3,
                    "snapshot_id": "",
                    "type": "network-hdd"
                  }
                ],
                "mode": "READ_WRITE"
              }
            ],
            "created_at": "2022-11-28T11:28:01Z",
            "description": "",
            "folder_id": "b1go6n4v0euub81ni9rf",
            "fqdn": "fhmfai4k5npgs8u129cn.auto.internal",
            "hostname": "",
            "id": "fhmfai4k5npgs8u129cn",
            "labels": {
              "tags": "otus-reddit-0"
            },
            "local_disk": [],
            "metadata": {
              "ssh-keys": "ubuntu:ssh-rsa AAAAB3NzaC1yc2EAAAADAQABAAABgQDANW1nJ3SCqkTvQbMLPQW9mtaERVWSMbrVOfY1rrS/mdCwjIMbHuTvlA6ZxKxN8J5m2zUMhJj/2CsZwN6ybkv/HG3MRG+X4B9nX9JWQJNbgaYONEV1sWBCVP3ZS8MU7LcUzO2rh/Uga1G2uURjfASgLP3QfAQCvyjAl1ubY7SawVymD/WWRFuSceDcbDWev51gUmGkIt/E4JoXnQknVzZDJFde/Tia4TT9MKmmLfbbK49khDCsRfslLxdP+spzKGCfhbuM2Lm0TQ811Ry/dktyw/+XQz6IW5H8K8AwzvEkihTZe15aKbtP3nUDINgwr17id5DzfWyJAYCFvcscGyYbTOxca+PXIB+Wdm9KGblg+ZGF3h60iQBfvj9JiMsvy1Gj1JB4J+DrftvsZ9BDsRX6/In2F8lOVWzxIPmCeVMzbtgz8xPcVcIhTUe105gmkw2sPXvJ15GiLid0A9/rxBZqOCpNZJX1X6L3Aa1hFvagPjEUDD+GRK0g3pug7MnMlK8= ubuntu\n"
            },
            "name": "docker-host-0",
            "network_acceleration_type": "standard",
            "network_interface": [
              {
                "dns_record": [],
                "index": 0,
                "ip_address": "10.128.0.5",
                "ipv4": true,
                "ipv6": false,
                "ipv6_address": "",
                "ipv6_dns_record": [],
                "mac_address": "d0:0d:f5:48:94:2d",
                "nat": true,
                "nat_dns_record": [],
                "nat_ip_address": "158.160.43.198",
                "nat_ip_version": "IPV4",
                "security_group_ids": [],
                "subnet_id": "e9bsqk1mvcnvvqi8l4eq"
              }
            ],
            "placement_policy": [
              {
                "host_affinity_rules": [],
                "placement_group_id": ""
              }
            ],
            "platform_id": "standard-v1",
            "resources": [
              {
                "core_fraction": 100,
                "cores": 2,
                "gpus": 0,
                "memory": 2
              }
            ],
            "scheduling_policy": [
              {
                "preemptible": false
              }
            ],
            "secondary_disk": [],
            "service_account_id": "",
            "status": "running",
            "timeouts": null,
            "zone": "ru-central1-a"
          },
          "sensitive_attributes": [],
          "private": "eyJlMmJmYjczMC1lY2FhLTExZTYtOGY4OC0zNDM2M2JjN2M0YzAiOnsiY3JlYXRlIjozMDAwMDAwMDAwMDAsImRlbGV0ZSI6MzAwMDAwMDAwMDAwLCJ1cGRhdGUiOjMwMDAwMDAwMDAwMH0sInNjaGVtYV92ZXJzaW9uIjoiMSJ9"
        }
      ]
    }
  ],
  "check_results": null
}
